{
  "object": {
    "pins": [
      {
        "package": "Bits",
        "repositoryURL": "https://github.com/vapor/bits.git",
        "state": {
          "branch": null,
          "revision": "389f1344cd5819e94c54ee18b35c2bc5589c7f05",
          "version": "1.0.0"
        }
      },
      {
        "package": "Core",
        "repositoryURL": "https://github.com/vapor/core.git",
        "state": {
          "branch": null,
          "revision": "03af35140315ad2d5cbf6c197bcf4a64b9c5e24d",
          "version": "2.0.2"
        }
      },
      {
        "package": "Debugging",
        "repositoryURL": "https://github.com/vapor/debugging.git",
        "state": {
          "branch": null,
          "revision": "bbd261de01c47f2e4d9acf4097807349330194ea",
          "version": "1.0.0"
        }
      }
    ]
  },
  "version": 1
}
